# This file was autogenerated by Stack.
# You should not edit this file by hand.
# For more information, please see the documentation at:
#   https://docs.haskellstack.org/en/stable/lock_files

packages:
- completed:
    hackage: mtl-2.2.2@sha256:1050fb71acd9f5d67da7d992583f5bd0eb14407b9dc7acc122af1b738b706ca3,2261
    pantry-tree:
      sha256: b8bdc2259e2f943a7252fb164805666fe108ac959d398e0af27b43ba2ebc241c
      size: 1713
  original:
    hackage: mtl-2.2.2
- completed:
    hackage: hakyll-4.16.0.0@sha256:6e7f7a32909588e8195e7e6f660d9950d65a243e4d84245b0b76e4e1ea55d34c,9831
    pantry-tree:
      sha256: 5fa1b5d4dfc92216cdb4459aeabe1a375ff0684e53880e9f706201a3acde2efa
      size: 9051
  original:
    hackage: hakyll-4.16.0.0
- completed:
    hackage: hakyll-images-1.2.1@sha256:80081815d381096cce424efe8edbb668ae4bba78e9b022830f7a49276e5a8fe2,2358
    pantry-tree:
      sha256: 5369ab76fa5c1f9ca05dbe912e89501e5ee6acc347321309e3fe94417fadb8cb
      size: 1189
  original:
    hackage: hakyll-images-1.2.1
- completed:
    hackage: pandoc-types-1.23@sha256:bf5eac74d6b805520bd57a7be12af09370edde1a86ebffa9ff83eb9c9d860041,4140
    pantry-tree:
      sha256: 26e9cbed29980acc5fe0dcf5c427d9eb414c044f87d2447c36f588fd73b02dca
      size: 737
  original:
    hackage: pandoc-types-1.23
- completed:
    hackage: pandoc-sidenote-0.23.0.0@sha256:11b3a4d28fb3d40e38fbd671589aa65da7493c0dfec52fd32f2dd34eed82e021,1643
    pantry-tree:
      sha256: 400b3ae0571f9ec9c2643b5d72f3caf31982752ab5988a5364e87c79a371a4ee
      size: 322
  original:
    hackage: pandoc-sidenote-0.23.0.0
snapshots:
- completed:
    sha256: 1867d84255dff8c87373f5dd03e5a5cb1c10a99587e26c8793e750c54e83ffdc
    size: 639139
    url: https://raw.githubusercontent.com/commercialhaskell/stackage-snapshots/master/lts/21/0.yaml
  original: lts-21.0
