# This file was autogenerated by Stack.
# You should not edit this file by hand.
# For more information, please see the documentation at:
#   https://docs.haskellstack.org/en/stable/lock_files

packages:
- completed:
    hackage: hakyll-4.16.0.0@sha256:6e7f7a32909588e8195e7e6f660d9950d65a243e4d84245b0b76e4e1ea55d34c,9831
    pantry-tree:
      sha256: 5fa1b5d4dfc92216cdb4459aeabe1a375ff0684e53880e9f706201a3acde2efa
      size: 9051
  original:
    hackage: hakyll-4.16.0.0
- completed:
    hackage: hakyll-images-1.2.0@sha256:0c61b3e6fa7b7a954697bc271496f3afb15b9b77e5bd3ac933e381c9602082a1,2411
    pantry-tree:
      sha256: ca5e75ca5d24e0044bac499d335c9da83532444dff0ac89e95ddd51e81bc1ec4
      size: 1122
  original:
    hackage: hakyll-images-1.2.0
- completed:
    hackage: pandoc-types-1.23@sha256:bf5eac74d6b805520bd57a7be12af09370edde1a86ebffa9ff83eb9c9d860041,4140
    pantry-tree:
      sha256: 26e9cbed29980acc5fe0dcf5c427d9eb414c044f87d2447c36f588fd73b02dca
      size: 737
  original:
    hackage: pandoc-types-1.23
- completed:
    hackage: pandoc-sidenote-0.23.0.0@sha256:11b3a4d28fb3d40e38fbd671589aa65da7493c0dfec52fd32f2dd34eed82e021,1643
    pantry-tree:
      sha256: 400b3ae0571f9ec9c2643b5d72f3caf31982752ab5988a5364e87c79a371a4ee
      size: 322
  original:
    hackage: pandoc-sidenote-0.23.0.0
snapshots:
- completed:
    sha256: 1867d84255dff8c87373f5dd03e5a5cb1c10a99587e26c8793e750c54e83ffdc
    size: 639139
    url: https://raw.githubusercontent.com/commercialhaskell/stackage-snapshots/master/lts/21/0.yaml
  original: lts-21.0
