# This file was autogenerated by Stack.
# You should not edit this file by hand.
# For more information, please see the documentation at:
#   https://docs.haskellstack.org/en/stable/lock_files

packages:
- completed:
    hackage: mtl-2.3.1@sha256:5377696d7315e2ef31a8d15d67b22d733c20cac2caf8b26756ff8524c8217e6d,1868
    pantry-tree:
      sha256: ac3cf1dc9ef397512d4bf8f2c3fbe4d64fb8aabd253288b34bf86c09ae234d4f
      size: 1853
  original:
    hackage: mtl-2.3.1
- completed:
    hackage: containers-0.6.7@sha256:4aad61c33b21e453e5d18a465e674898fded282f233ffd154b48acc540c89537,2655
    pantry-tree:
      sha256: d3430bcc4beafe609d6c5cd4a607549ee4ffe0eafc2ebb9c87b5e7b1b20b24d8
      size: 2902
  original:
    hackage: containers-0.6.7
- completed:
    hackage: hakyll-4.16.0.0@sha256:68426098d96f8bd17216c0f53a34856dc0e6386c7405f38afbd891f3fa878ed3,10198
    pantry-tree:
      sha256: 59ace0aab85d131b505ad85eab16d532a99cdd041b2328c28a153921768340aa
      size: 9052
  original:
    hackage: hakyll-4.16.0.0
- completed:
    hackage: hakyll-images-1.2.1@sha256:80081815d381096cce424efe8edbb668ae4bba78e9b022830f7a49276e5a8fe2,2358
    pantry-tree:
      sha256: 5369ab76fa5c1f9ca05dbe912e89501e5ee6acc347321309e3fe94417fadb8cb
      size: 1189
  original:
    hackage: hakyll-images-1.2.1
- completed:
    hackage: pandoc-types-1.23.1@sha256:6dacc1466ee516264a64a0975abbed435d4c732315674c32fee9fb3e70fcca0b,4095
    pantry-tree:
      sha256: 042ef7350ca77f058368f928595a932334c26f5f82cf07607ccd29cdff609f2e
      size: 799
  original:
    hackage: pandoc-types-1.23.1
- completed:
    hackage: pandoc-sidenote-0.23.0.0@sha256:11b3a4d28fb3d40e38fbd671589aa65da7493c0dfec52fd32f2dd34eed82e021,1643
    pantry-tree:
      sha256: 400b3ae0571f9ec9c2643b5d72f3caf31982752ab5988a5364e87c79a371a4ee
      size: 322
  original:
    hackage: pandoc-sidenote-0.23.0.0
- completed:
    hackage: pandoc-3.1.11@sha256:ab06fc90a9d090b9e03dad365950285889fa6ab5ab5e0e141a72d343bb6b4642,38123
    pantry-tree:
      sha256: 7491cc0a2a6fa9a39e23b3ecaac9ce480d15e96bfead1d14c84f475137e7e83c
      size: 146155
  original:
    hackage: pandoc-3.1.11
- completed:
    hackage: time-1.12.2@sha256:88e8493d9130038d3b9968a2530a0900141cd3d938483c83dde56e12b875ebc8,6510
    pantry-tree:
      sha256: de0ab314661da3788b5dad20254e44929b1659b00d32b5a0cd54922a05e006e8
      size: 7264
  original:
    hackage: time-1.12.2
snapshots:
- completed:
    sha256: 53a2800f7fe0c4628af0e7d5e985707dd3af9863ac3983a43c835dbaa8ed5f35
    size: 714094
    url: https://raw.githubusercontent.com/commercialhaskell/stackage-snapshots/master/lts/22/3.yaml
  original: lts-22.3
